
Microsoft Visual Studio Solution File, Format Version 12.00
# Visual Studio Version 17
VisualStudioVersion = 17.9.34616.47
MinimumVisualStudioVersion = 10.0.40219.1
Project("{8BC9CEB8-8B4A-11D0-8D11-00A0C91BC942}") = "PertemuanKeduaPD", "PertemuanKeduaPD\PertemuanKeduaPD.vcxproj", "{27E45357-EE25-4134-82A9-DAFB040D27C6}"
EndProject
Project("{8BC9CEB8-8B4A-11D0-8D11-00A0C91BC942}") = "PertemuanKeduaPD1", "PertemuanKeduaPD1\PertemuanKeduaPD1.vcxproj", "{4097209B-EF1A-4607-B18C-6BAE16AA44CA}"
EndProject
Project("{8BC9CEB8-8B4A-11D0-8D11-00A0C91BC942}") = "TugasProgramKelulusan", "TugasProgramKelulusan\TugasProgramKelulusan.vcxproj", "{AF620BDD-15A2-4AB7-8642-6F7D2D07A2E3}"
EndProject
Project("{8BC9CEB8-8B4A-11D0-8D11-00A0C91BC942}") = "PertemuanKeduaPD2", "PertemuanKeduaPD2\PertemuanKeduaPD2.vcxproj", "{1F3F3F1F-209F-42ED-8B17-98E60D7DCAFB}"
EndProject
Project("{8BC9CEB8-8B4A-11D0-8D11-00A0C91BC942}") = "PertemuanKeduaPD3", "PertemuanKeduaPD3\PertemuanKeduaPD3.vcxproj", "{76AF2A4F-077F-4509-A461-90563D4ADA7A}"
EndProject
Global
	GlobalSection(SolutionConfigurationPlatforms) = preSolution
		Debug|x64 = Debug|x64
		Debug|x86 = Debug|x86
		Release|x64 = Release|x64
		Release|x86 = Release|x86
	EndGlobalSection
	GlobalSection(ProjectConfigurationPlatforms) = postSolution
		{27E45357-EE25-4134-82A9-DAFB040D27C6}.Debug|x64.ActiveCfg = Debug|x64
		{27E45357-EE25-4134-82A9-DAFB040D27C6}.Debug|x64.Build.0 = Debug|x64
		{27E45357-EE25-4134-82A9-DAFB040D27C6}.Debug|x86.ActiveCfg = Debug|Win32
		{27E45357-EE25-4134-82A9-DAFB040D27C6}.Debug|x86.Build.0 = Debug|Win32
		{27E45357-EE25-4134-82A9-DAFB040D27C6}.Release|x64.ActiveCfg = Release|x64
		{27E45357-EE25-4134-82A9-DAFB040D27C6}.Release|x64.Build.0 = Release|x64
		{27E45357-EE25-4134-82A9-DAFB040D27C6}.Release|x86.ActiveCfg = Release|Win32
		{27E45357-EE25-4134-82A9-DAFB040D27C6}.Release|x86.Build.0 = Release|Win32
		{4097209B-EF1A-4607-B18C-6BAE16AA44CA}.Debug|x64.ActiveCfg = Debug|x64
		{4097209B-EF1A-4607-B18C-6BAE16AA44CA}.Debug|x64.Build.0 = Debug|x64
		{4097209B-EF1A-4607-B18C-6BAE16AA44CA}.Debug|x86.ActiveCfg = Debug|Win32
		{4097209B-EF1A-4607-B18C-6BAE16AA44CA}.Debug|x86.Build.0 = Debug|Win32
		{4097209B-EF1A-4607-B18C-6BAE16AA44CA}.Release|x64.ActiveCfg = Release|x64
		{4097209B-EF1A-4607-B18C-6BAE16AA44CA}.Release|x64.Build.0 = Release|x64
		{4097209B-EF1A-4607-B18C-6BAE16AA44CA}.Release|x86.ActiveCfg = Release|Win32
		{4097209B-EF1A-4607-B18C-6BAE16AA44CA}.Release|x86.Build.0 = Release|Win32
		{AF620BDD-15A2-4AB7-8642-6F7D2D07A2E3}.Debug|x64.ActiveCfg = Debug|x64
		{AF620BDD-15A2-4AB7-8642-6F7D2D07A2E3}.Debug|x64.Build.0 = Debug|x64
		{AF620BDD-15A2-4AB7-8642-6F7D2D07A2E3}.Debug|x86.ActiveCfg = Debug|Win32
		{AF620BDD-15A2-4AB7-8642-6F7D2D07A2E3}.Debug|x86.Build.0 = Debug|Win32
		{AF620BDD-15A2-4AB7-8642-6F7D2D07A2E3}.Release|x64.ActiveCfg = Release|x64
		{AF620BDD-15A2-4AB7-8642-6F7D2D07A2E3}.Release|x64.Build.0 = Release|x64
		{AF620BDD-15A2-4AB7-8642-6F7D2D07A2E3}.Release|x86.ActiveCfg = Release|Win32
		{AF620BDD-15A2-4AB7-8642-6F7D2D07A2E3}.Release|x86.Build.0 = Release|Win32
		{1F3F3F1F-209F-42ED-8B17-98E60D7DCAFB}.Debug|x64.ActiveCfg = Debug|x64
		{1F3F3F1F-209F-42ED-8B17-98E60D7DCAFB}.Debug|x64.Build.0 = Debug|x64
		{1F3F3F1F-209F-42ED-8B17-98E60D7DCAFB}.Debug|x86.ActiveCfg = Debug|Win32
		{1F3F3F1F-209F-42ED-8B17-98E60D7DCAFB}.Debug|x86.Build.0 = Debug|Win32
		{1F3F3F1F-209F-42ED-8B17-98E60D7DCAFB}.Release|x64.ActiveCfg = Release|x64
		{1F3F3F1F-209F-42ED-8B17-98E60D7DCAFB}.Release|x64.Build.0 = Release|x64
		{1F3F3F1F-209F-42ED-8B17-98E60D7DCAFB}.Release|x86.ActiveCfg = Release|Win32
		{1F3F3F1F-209F-42ED-8B17-98E60D7DCAFB}.Release|x86.Build.0 = Release|Win32
		{76AF2A4F-077F-4509-A461-90563D4ADA7A}.Debug|x64.ActiveCfg = Debug|x64
		{76AF2A4F-077F-4509-A461-90563D4ADA7A}.Debug|x64.Build.0 = Debug|x64
		{76AF2A4F-077F-4509-A461-90563D4ADA7A}.Debug|x86.ActiveCfg = Debug|Win32
		{76AF2A4F-077F-4509-A461-90563D4ADA7A}.Debug|x86.Build.0 = Debug|Win32
		{76AF2A4F-077F-4509-A461-90563D4ADA7A}.Release|x64.ActiveCfg = Release|x64
		{76AF2A4F-077F-4509-A461-90563D4ADA7A}.Release|x64.Build.0 = Release|x64
		{76AF2A4F-077F-4509-A461-90563D4ADA7A}.Release|x86.ActiveCfg = Release|Win32
		{76AF2A4F-077F-4509-A461-90563D4ADA7A}.Release|x86.Build.0 = Release|Win32
	EndGlobalSection
	GlobalSection(SolutionProperties) = preSolution
		HideSolutionNode = FALSE
	EndGlobalSection
	GlobalSection(ExtensibilityGlobals) = postSolution
		SolutionGuid = {6EB9CE76-6479-4AE3-90AB-69E25E06475D}
	EndGlobalSection
EndGlobal
